
Microsoft Visual Studio Solution File, Format Version 12.00
# Visual Studio 14
VisualStudioVersion = 14.0.24720.0
MinimumVisualStudioVersion = 10.0.40219.1
Project("{FAE04EC0-301F-11D3-BF4B-00C04F79EFBC}") = "Excel.Images", "Excel.Images\Excel.Images.csproj", "{2CB1FFD7-3EF2-4170-9876-C98412F89AAA}"
EndProject
Project("{FAE04EC0-301F-11D3-BF4B-00C04F79EFBC}") = "Excel.Gallery", "Excel.Gallery\Excel.Gallery.csproj", "{4E8D1669-CEFA-467E-911A-94D13DEC04F0}"
EndProject
Project("{2150E333-8FDC-42A3-9474-1A3956D46DE8}") = "Library", "Library", "{ECAEDB58-E0D4-428F-B7DB-B74460D4560A}"
	ProjectSection(SolutionItems) = preProject
		Library\ExcelDna.Integration.dll = Library\ExcelDna.Integration.dll
		Library\IconLib.dll = Library\IconLib.dll
	EndProjectSection
EndProject
Global
	GlobalSection(SolutionConfigurationPlatforms) = preSolution
		Debug|Any CPU = Debug|Any CPU
		Release|Any CPU = Release|Any CPU
	EndGlobalSection
	GlobalSection(ProjectConfigurationPlatforms) = postSolution
		{2CB1FFD7-3EF2-4170-9876-C98412F89AAA}.Debug|Any CPU.ActiveCfg = Debug|Any CPU
		{2CB1FFD7-3EF2-4170-9876-C98412F89AAA}.Debug|Any CPU.Build.0 = Debug|Any CPU
		{2CB1FFD7-3EF2-4170-9876-C98412F89AAA}.Release|Any CPU.ActiveCfg = Release|Any CPU
		{2CB1FFD7-3EF2-4170-9876-C98412F89AAA}.Release|Any CPU.Build.0 = Release|Any CPU
		{4E8D1669-CEFA-467E-911A-94D13DEC04F0}.Debug|Any CPU.ActiveCfg = Debug|Any CPU
		{4E8D1669-CEFA-467E-911A-94D13DEC04F0}.Debug|Any CPU.Build.0 = Debug|Any CPU
		{4E8D1669-CEFA-467E-911A-94D13DEC04F0}.Release|Any CPU.ActiveCfg = Release|Any CPU
		{4E8D1669-CEFA-467E-911A-94D13DEC04F0}.Release|Any CPU.Build.0 = Release|Any CPU
	EndGlobalSection
	GlobalSection(SolutionProperties) = preSolution
		HideSolutionNode = FALSE
	EndGlobalSection
EndGlobal
