
Microsoft Visual Studio Solution File, Format Version 12.00
# Visual Studio 15
VisualStudioVersion = 15.0.25928.0
MinimumVisualStudioVersion = 10.0.40219.1
Project("{FAE04EC0-301F-11D3-BF4B-00C04F79EFBC}") = "Parallel_For_01", "Parallel_ForEach_01\Parallel_For_01.csproj", "{65A9CE85-EE15-47A9-89DA-A89DD35DE39F}"
EndProject
Project("{FAE04EC0-301F-11D3-BF4B-00C04F79EFBC}") = "Parallel_ForEach_02", "Parallel_ForEach_02\Parallel_ForEach_02.csproj", "{8B743707-B80C-4FE7-89B7-1AA1FBC20AC5}"
EndProject
Project("{FAE04EC0-301F-11D3-BF4B-00C04F79EFBC}") = "Parallel_For_Stop", "Parallel_For_Stop\Parallel_For_Stop.csproj", "{297118F9-6677-41E4-B025-77C19B3AC661}"
EndProject
Project("{FAE04EC0-301F-11D3-BF4B-00C04F79EFBC}") = "Parallel_For_Thread_03", "Parallel_For_Thread_03\Parallel_For_Thread_03.csproj", "{67C09F38-7BD0-4D94-8634-5897AC39C225}"
EndProject
Project("{FAE04EC0-301F-11D3-BF4B-00C04F79EFBC}") = "ThreadLocalForEach_04", "ThreadLocalForEach\ThreadLocalForEach_04.csproj", "{2EC4FDD9-75F7-47BA-A248-C9EDFC32F1AF}"
EndProject
Project("{FAE04EC0-301F-11D3-BF4B-00C04F79EFBC}") = "Parallel_ForEach_Cancle_05", "Parallel_ForEach_Cancle\Parallel_ForEach_Cancle_05.csproj", "{6028D6AF-4FA2-4BC8-984D-2C1B1E34B1D8}"
EndProject
Project("{FAE04EC0-301F-11D3-BF4B-00C04F79EFBC}") = "Parallel_Exception_Demo_06", "Parallel_Exception_Demo_06\Parallel_Exception_Demo_06.csproj", "{0A631BEB-84CC-4AD9-9A98-249E246DD33C}"
EndProject
Project("{FAE04EC0-301F-11D3-BF4B-00C04F79EFBC}") = "Parallel_ForEach_Partitioner", "Parallel_ForEach_Partitioner\Parallel_ForEach_Partitioner.csproj", "{E286CD02-1B09-4719-82D9-D638ED7B4304}"
EndProject
Project("{FAE04EC0-301F-11D3-BF4B-00C04F79EFBC}") = "Parallel_Partioner_Dynamic", "Parallel_Partioner_Dynamic\Parallel_Partioner_Dynamic.csproj", "{6919C7EF-D838-4FA0-A7D6-E73FD1C99F07}"
EndProject
Project("{FAE04EC0-301F-11D3-BF4B-00C04F79EFBC}") = "Parallel_Get_Directory", "Parallel_Get_Directory\Parallel_Get_Directory.csproj", "{E1CD9535-D687-4E0F-AD2B-9815323632F3}"
EndProject
Project("{FAE04EC0-301F-11D3-BF4B-00C04F79EFBC}") = "Lamda_01", "Lamda_01\Lamda_01.csproj", "{A006F01A-BE42-4ECD-8266-7897A676C1BA}"
EndProject
Project("{FAE04EC0-301F-11D3-BF4B-00C04F79EFBC}") = "Async_Winform", "Async_Winform\Async_Winform.csproj", "{C69CB9CA-5815-4A09-B1E3-A4626DB2F67D}"
EndProject
Project("{2150E333-8FDC-42A3-9474-1A3956D46DE8}") = "For", "For", "{45526B9A-5194-402D-A5A8-956770F3FD54}"
EndProject
Project("{2150E333-8FDC-42A3-9474-1A3956D46DE8}") = "ForEach", "ForEach", "{BD9B031F-E4F2-49B7-AAED-389CBC557EF6}"
EndProject
Project("{FAE04EC0-301F-11D3-BF4B-00C04F79EFBC}") = "Parallel_For_02", "Parallel_For_CancelToken\Parallel_For_02.csproj", "{701B271D-2BF2-4639-B71E-62828C3C182F}"
EndProject
Project("{FAE04EC0-301F-11D3-BF4B-00C04F79EFBC}") = "Parallel_For_03", "Parallel_For_03\Parallel_For_03.csproj", "{E91E7CFD-6E02-4488-988E-C8BE22C7E3DF}"
EndProject
Project("{FAE04EC0-301F-11D3-BF4B-00C04F79EFBC}") = "Parallel_For_04", "Parallel_For_04\Parallel_For_04.csproj", "{552F028E-172B-408A-933C-02017B2B7418}"
EndProject
Project("{FAE04EC0-301F-11D3-BF4B-00C04F79EFBC}") = "Parallel_For_05", "Parallel_For_05\Parallel_For_05.csproj", "{813E9A62-D413-47F9-A57D-309362F69BF2}"
EndProject
Project("{FAE04EC0-301F-11D3-BF4B-00C04F79EFBC}") = "Parallel_For_StopBreak", "Parallel_For_StopBreak\Parallel_For_StopBreak.csproj", "{D35AA755-5C78-40DA-A5A4-B20754610ECE}"
EndProject
Project("{2150E333-8FDC-42A3-9474-1A3956D46DE8}") = "Task", "Task", "{BE063CB5-B983-4C27-A71D-59FEC69F6074}"
EndProject
Project("{FAE04EC0-301F-11D3-BF4B-00C04F79EFBC}") = "Task_01", "Task_01\Task_01.csproj", "{3CE2A336-B608-45FE-B20C-64AF4869330C}"
EndProject
Project("{FAE04EC0-301F-11D3-BF4B-00C04F79EFBC}") = "Parallel_Task_Schedule_WPF", "Parallel_Task_Schedule_WPF\Parallel_Task_Schedule_WPF.csproj", "{966143C7-48D9-4247-8DD8-29B44AE07B09}"
EndProject
Project("{FAE04EC0-301F-11D3-BF4B-00C04F79EFBC}") = "Cancellation_Token_ReadFile", "Cancellation_Token_ReadFile\Cancellation_Token_ReadFile.csproj", "{477F7390-0B52-4447-99BC-58195DD8CB39}"
EndProject
Project("{FAE04EC0-301F-11D3-BF4B-00C04F79EFBC}") = "Task_AggregateException", "Task_AggregateException\Task_AggregateException.csproj", "{494F06C4-9B4C-4A72-AD88-605BFA9AF3C4}"
EndProject
Project("{FAE04EC0-301F-11D3-BF4B-00C04F79EFBC}") = "Task_UserCancel_Button", "Task_UserCancel_Button\Task_UserCancel_Button.csproj", "{2B01F15E-80D6-4A50-B90D-7B41392245AE}"
EndProject
Project("{FAE04EC0-301F-11D3-BF4B-00C04F79EFBC}") = "Cancellation_Token_02", "Cancellation_Token_02\Cancellation_Token_02.csproj", "{A4ACD207-31DE-4703-914F-AA9B690AD9FD}"
EndProject
Project("{FAE04EC0-301F-11D3-BF4B-00C04F79EFBC}") = "PLINQCancellation_2", "PLINQCancellation_2\PLINQCancellation_2.csproj", "{CCBE90D6-4563-465E-84EA-0530E7F65ED1}"
EndProject
Project("{FAE04EC0-301F-11D3-BF4B-00C04F79EFBC}") = "Task_Sync_01", "Task_Sync_01\Task_Sync_01.csproj", "{6D0A8D14-820B-4809-927F-D86D08D68585}"
EndProject
Project("{FAE04EC0-301F-11D3-BF4B-00C04F79EFBC}") = "Parallel_For_StopBreak_02", "Parallel_For_StopBreak_02\Parallel_For_StopBreak_02.csproj", "{20933FB9-3F67-47F0-A7C3-619A17583182}"
EndProject
Project("{FAE04EC0-301F-11D3-BF4B-00C04F79EFBC}") = "Parallel_For_06", "Parallel_For_06\Parallel_For_06.csproj", "{2414424D-3059-4DC3-9E70-44A820F7304C}"
EndProject
Project("{FAE04EC0-301F-11D3-BF4B-00C04F79EFBC}") = "Parallel_For_07", "Parallel_For_07\Parallel_For_07.csproj", "{27B09641-AB69-4C55-BCCD-60EF828C2F02}"
EndProject
Project("{2150E333-8FDC-42A3-9474-1A3956D46DE8}") = "PLinQ", "PLinQ", "{E9088DC6-6B8A-4630-AF2B-1EC3F69F9B07}"
EndProject
Project("{FAE04EC0-301F-11D3-BF4B-00C04F79EFBC}") = "PLinQ_01", "PLinQ_01\PLinQ_01.csproj", "{440A440C-1B47-47F1-8941-1D75302A5B7B}"
EndProject
Project("{2150E333-8FDC-42A3-9474-1A3956D46DE8}") = "FastReadParallel", "FastReadParallel", "{DA398CDB-A411-4E6B-B9B8-444D2A3A6718}"
EndProject
Project("{FAE04EC0-301F-11D3-BF4B-00C04F79EFBC}") = "FastReadParallel", "FastReadParallel\FastReadParallel.csproj", "{488FB138-0EB9-4332-91BB-FF6EC00E0E9F}"
EndProject
Global
	GlobalSection(SolutionConfigurationPlatforms) = preSolution
		Debug|Any CPU = Debug|Any CPU
		Release|Any CPU = Release|Any CPU
	EndGlobalSection
	GlobalSection(ProjectConfigurationPlatforms) = postSolution
		{65A9CE85-EE15-47A9-89DA-A89DD35DE39F}.Debug|Any CPU.ActiveCfg = Debug|Any CPU
		{65A9CE85-EE15-47A9-89DA-A89DD35DE39F}.Debug|Any CPU.Build.0 = Debug|Any CPU
		{65A9CE85-EE15-47A9-89DA-A89DD35DE39F}.Release|Any CPU.ActiveCfg = Release|Any CPU
		{65A9CE85-EE15-47A9-89DA-A89DD35DE39F}.Release|Any CPU.Build.0 = Release|Any CPU
		{8B743707-B80C-4FE7-89B7-1AA1FBC20AC5}.Debug|Any CPU.ActiveCfg = Debug|Any CPU
		{8B743707-B80C-4FE7-89B7-1AA1FBC20AC5}.Debug|Any CPU.Build.0 = Debug|Any CPU
		{8B743707-B80C-4FE7-89B7-1AA1FBC20AC5}.Release|Any CPU.ActiveCfg = Release|Any CPU
		{8B743707-B80C-4FE7-89B7-1AA1FBC20AC5}.Release|Any CPU.Build.0 = Release|Any CPU
		{297118F9-6677-41E4-B025-77C19B3AC661}.Debug|Any CPU.ActiveCfg = Debug|Any CPU
		{297118F9-6677-41E4-B025-77C19B3AC661}.Debug|Any CPU.Build.0 = Debug|Any CPU
		{297118F9-6677-41E4-B025-77C19B3AC661}.Release|Any CPU.ActiveCfg = Release|Any CPU
		{297118F9-6677-41E4-B025-77C19B3AC661}.Release|Any CPU.Build.0 = Release|Any CPU
		{67C09F38-7BD0-4D94-8634-5897AC39C225}.Debug|Any CPU.ActiveCfg = Debug|Any CPU
		{67C09F38-7BD0-4D94-8634-5897AC39C225}.Debug|Any CPU.Build.0 = Debug|Any CPU
		{67C09F38-7BD0-4D94-8634-5897AC39C225}.Release|Any CPU.ActiveCfg = Release|Any CPU
		{67C09F38-7BD0-4D94-8634-5897AC39C225}.Release|Any CPU.Build.0 = Release|Any CPU
		{2EC4FDD9-75F7-47BA-A248-C9EDFC32F1AF}.Debug|Any CPU.ActiveCfg = Debug|Any CPU
		{2EC4FDD9-75F7-47BA-A248-C9EDFC32F1AF}.Debug|Any CPU.Build.0 = Debug|Any CPU
		{2EC4FDD9-75F7-47BA-A248-C9EDFC32F1AF}.Release|Any CPU.ActiveCfg = Release|Any CPU
		{2EC4FDD9-75F7-47BA-A248-C9EDFC32F1AF}.Release|Any CPU.Build.0 = Release|Any CPU
		{6028D6AF-4FA2-4BC8-984D-2C1B1E34B1D8}.Debug|Any CPU.ActiveCfg = Debug|Any CPU
		{6028D6AF-4FA2-4BC8-984D-2C1B1E34B1D8}.Debug|Any CPU.Build.0 = Debug|Any CPU
		{6028D6AF-4FA2-4BC8-984D-2C1B1E34B1D8}.Release|Any CPU.ActiveCfg = Release|Any CPU
		{6028D6AF-4FA2-4BC8-984D-2C1B1E34B1D8}.Release|Any CPU.Build.0 = Release|Any CPU
		{0A631BEB-84CC-4AD9-9A98-249E246DD33C}.Debug|Any CPU.ActiveCfg = Debug|Any CPU
		{0A631BEB-84CC-4AD9-9A98-249E246DD33C}.Debug|Any CPU.Build.0 = Debug|Any CPU
		{0A631BEB-84CC-4AD9-9A98-249E246DD33C}.Release|Any CPU.ActiveCfg = Release|Any CPU
		{0A631BEB-84CC-4AD9-9A98-249E246DD33C}.Release|Any CPU.Build.0 = Release|Any CPU
		{E286CD02-1B09-4719-82D9-D638ED7B4304}.Debug|Any CPU.ActiveCfg = Debug|Any CPU
		{E286CD02-1B09-4719-82D9-D638ED7B4304}.Debug|Any CPU.Build.0 = Debug|Any CPU
		{E286CD02-1B09-4719-82D9-D638ED7B4304}.Release|Any CPU.ActiveCfg = Release|Any CPU
		{E286CD02-1B09-4719-82D9-D638ED7B4304}.Release|Any CPU.Build.0 = Release|Any CPU
		{6919C7EF-D838-4FA0-A7D6-E73FD1C99F07}.Debug|Any CPU.ActiveCfg = Debug|Any CPU
		{6919C7EF-D838-4FA0-A7D6-E73FD1C99F07}.Debug|Any CPU.Build.0 = Debug|Any CPU
		{6919C7EF-D838-4FA0-A7D6-E73FD1C99F07}.Release|Any CPU.ActiveCfg = Release|Any CPU
		{6919C7EF-D838-4FA0-A7D6-E73FD1C99F07}.Release|Any CPU.Build.0 = Release|Any CPU
		{E1CD9535-D687-4E0F-AD2B-9815323632F3}.Debug|Any CPU.ActiveCfg = Debug|Any CPU
		{E1CD9535-D687-4E0F-AD2B-9815323632F3}.Debug|Any CPU.Build.0 = Debug|Any CPU
		{E1CD9535-D687-4E0F-AD2B-9815323632F3}.Release|Any CPU.ActiveCfg = Release|Any CPU
		{E1CD9535-D687-4E0F-AD2B-9815323632F3}.Release|Any CPU.Build.0 = Release|Any CPU
		{A006F01A-BE42-4ECD-8266-7897A676C1BA}.Debug|Any CPU.ActiveCfg = Debug|Any CPU
		{A006F01A-BE42-4ECD-8266-7897A676C1BA}.Debug|Any CPU.Build.0 = Debug|Any CPU
		{A006F01A-BE42-4ECD-8266-7897A676C1BA}.Release|Any CPU.ActiveCfg = Release|Any CPU
		{A006F01A-BE42-4ECD-8266-7897A676C1BA}.Release|Any CPU.Build.0 = Release|Any CPU
		{C69CB9CA-5815-4A09-B1E3-A4626DB2F67D}.Debug|Any CPU.ActiveCfg = Debug|Any CPU
		{C69CB9CA-5815-4A09-B1E3-A4626DB2F67D}.Debug|Any CPU.Build.0 = Debug|Any CPU
		{C69CB9CA-5815-4A09-B1E3-A4626DB2F67D}.Release|Any CPU.ActiveCfg = Release|Any CPU
		{C69CB9CA-5815-4A09-B1E3-A4626DB2F67D}.Release|Any CPU.Build.0 = Release|Any CPU
		{701B271D-2BF2-4639-B71E-62828C3C182F}.Debug|Any CPU.ActiveCfg = Debug|Any CPU
		{701B271D-2BF2-4639-B71E-62828C3C182F}.Debug|Any CPU.Build.0 = Debug|Any CPU
		{701B271D-2BF2-4639-B71E-62828C3C182F}.Release|Any CPU.ActiveCfg = Release|Any CPU
		{701B271D-2BF2-4639-B71E-62828C3C182F}.Release|Any CPU.Build.0 = Release|Any CPU
		{E91E7CFD-6E02-4488-988E-C8BE22C7E3DF}.Debug|Any CPU.ActiveCfg = Debug|Any CPU
		{E91E7CFD-6E02-4488-988E-C8BE22C7E3DF}.Debug|Any CPU.Build.0 = Debug|Any CPU
		{E91E7CFD-6E02-4488-988E-C8BE22C7E3DF}.Release|Any CPU.ActiveCfg = Release|Any CPU
		{E91E7CFD-6E02-4488-988E-C8BE22C7E3DF}.Release|Any CPU.Build.0 = Release|Any CPU
		{552F028E-172B-408A-933C-02017B2B7418}.Debug|Any CPU.ActiveCfg = Debug|Any CPU
		{552F028E-172B-408A-933C-02017B2B7418}.Debug|Any CPU.Build.0 = Debug|Any CPU
		{552F028E-172B-408A-933C-02017B2B7418}.Release|Any CPU.ActiveCfg = Release|Any CPU
		{552F028E-172B-408A-933C-02017B2B7418}.Release|Any CPU.Build.0 = Release|Any CPU
		{813E9A62-D413-47F9-A57D-309362F69BF2}.Debug|Any CPU.ActiveCfg = Debug|Any CPU
		{813E9A62-D413-47F9-A57D-309362F69BF2}.Debug|Any CPU.Build.0 = Debug|Any CPU
		{813E9A62-D413-47F9-A57D-309362F69BF2}.Release|Any CPU.ActiveCfg = Release|Any CPU
		{813E9A62-D413-47F9-A57D-309362F69BF2}.Release|Any CPU.Build.0 = Release|Any CPU
		{D35AA755-5C78-40DA-A5A4-B20754610ECE}.Debug|Any CPU.ActiveCfg = Debug|Any CPU
		{D35AA755-5C78-40DA-A5A4-B20754610ECE}.Debug|Any CPU.Build.0 = Debug|Any CPU
		{D35AA755-5C78-40DA-A5A4-B20754610ECE}.Release|Any CPU.ActiveCfg = Release|Any CPU
		{D35AA755-5C78-40DA-A5A4-B20754610ECE}.Release|Any CPU.Build.0 = Release|Any CPU
		{3CE2A336-B608-45FE-B20C-64AF4869330C}.Debug|Any CPU.ActiveCfg = Debug|Any CPU
		{3CE2A336-B608-45FE-B20C-64AF4869330C}.Debug|Any CPU.Build.0 = Debug|Any CPU
		{3CE2A336-B608-45FE-B20C-64AF4869330C}.Release|Any CPU.ActiveCfg = Release|Any CPU
		{3CE2A336-B608-45FE-B20C-64AF4869330C}.Release|Any CPU.Build.0 = Release|Any CPU
		{966143C7-48D9-4247-8DD8-29B44AE07B09}.Debug|Any CPU.ActiveCfg = Debug|Any CPU
		{966143C7-48D9-4247-8DD8-29B44AE07B09}.Debug|Any CPU.Build.0 = Debug|Any CPU
		{966143C7-48D9-4247-8DD8-29B44AE07B09}.Release|Any CPU.ActiveCfg = Release|Any CPU
		{966143C7-48D9-4247-8DD8-29B44AE07B09}.Release|Any CPU.Build.0 = Release|Any CPU
		{477F7390-0B52-4447-99BC-58195DD8CB39}.Debug|Any CPU.ActiveCfg = Debug|Any CPU
		{477F7390-0B52-4447-99BC-58195DD8CB39}.Debug|Any CPU.Build.0 = Debug|Any CPU
		{477F7390-0B52-4447-99BC-58195DD8CB39}.Release|Any CPU.ActiveCfg = Release|Any CPU
		{477F7390-0B52-4447-99BC-58195DD8CB39}.Release|Any CPU.Build.0 = Release|Any CPU
		{494F06C4-9B4C-4A72-AD88-605BFA9AF3C4}.Debug|Any CPU.ActiveCfg = Debug|Any CPU
		{494F06C4-9B4C-4A72-AD88-605BFA9AF3C4}.Debug|Any CPU.Build.0 = Debug|Any CPU
		{494F06C4-9B4C-4A72-AD88-605BFA9AF3C4}.Release|Any CPU.ActiveCfg = Release|Any CPU
		{494F06C4-9B4C-4A72-AD88-605BFA9AF3C4}.Release|Any CPU.Build.0 = Release|Any CPU
		{2B01F15E-80D6-4A50-B90D-7B41392245AE}.Debug|Any CPU.ActiveCfg = Debug|Any CPU
		{2B01F15E-80D6-4A50-B90D-7B41392245AE}.Debug|Any CPU.Build.0 = Debug|Any CPU
		{2B01F15E-80D6-4A50-B90D-7B41392245AE}.Release|Any CPU.ActiveCfg = Release|Any CPU
		{2B01F15E-80D6-4A50-B90D-7B41392245AE}.Release|Any CPU.Build.0 = Release|Any CPU
		{A4ACD207-31DE-4703-914F-AA9B690AD9FD}.Debug|Any CPU.ActiveCfg = Debug|Any CPU
		{A4ACD207-31DE-4703-914F-AA9B690AD9FD}.Debug|Any CPU.Build.0 = Debug|Any CPU
		{A4ACD207-31DE-4703-914F-AA9B690AD9FD}.Release|Any CPU.ActiveCfg = Release|Any CPU
		{A4ACD207-31DE-4703-914F-AA9B690AD9FD}.Release|Any CPU.Build.0 = Release|Any CPU
		{CCBE90D6-4563-465E-84EA-0530E7F65ED1}.Debug|Any CPU.ActiveCfg = Debug|Any CPU
		{CCBE90D6-4563-465E-84EA-0530E7F65ED1}.Debug|Any CPU.Build.0 = Debug|Any CPU
		{CCBE90D6-4563-465E-84EA-0530E7F65ED1}.Release|Any CPU.ActiveCfg = Release|Any CPU
		{CCBE90D6-4563-465E-84EA-0530E7F65ED1}.Release|Any CPU.Build.0 = Release|Any CPU
		{6D0A8D14-820B-4809-927F-D86D08D68585}.Debug|Any CPU.ActiveCfg = Debug|Any CPU
		{6D0A8D14-820B-4809-927F-D86D08D68585}.Debug|Any CPU.Build.0 = Debug|Any CPU
		{6D0A8D14-820B-4809-927F-D86D08D68585}.Release|Any CPU.ActiveCfg = Release|Any CPU
		{6D0A8D14-820B-4809-927F-D86D08D68585}.Release|Any CPU.Build.0 = Release|Any CPU
		{20933FB9-3F67-47F0-A7C3-619A17583182}.Debug|Any CPU.ActiveCfg = Debug|Any CPU
		{20933FB9-3F67-47F0-A7C3-619A17583182}.Debug|Any CPU.Build.0 = Debug|Any CPU
		{20933FB9-3F67-47F0-A7C3-619A17583182}.Release|Any CPU.ActiveCfg = Release|Any CPU
		{20933FB9-3F67-47F0-A7C3-619A17583182}.Release|Any CPU.Build.0 = Release|Any CPU
		{2414424D-3059-4DC3-9E70-44A820F7304C}.Debug|Any CPU.ActiveCfg = Debug|Any CPU
		{2414424D-3059-4DC3-9E70-44A820F7304C}.Debug|Any CPU.Build.0 = Debug|Any CPU
		{2414424D-3059-4DC3-9E70-44A820F7304C}.Release|Any CPU.ActiveCfg = Release|Any CPU
		{2414424D-3059-4DC3-9E70-44A820F7304C}.Release|Any CPU.Build.0 = Release|Any CPU
		{27B09641-AB69-4C55-BCCD-60EF828C2F02}.Debug|Any CPU.ActiveCfg = Debug|Any CPU
		{27B09641-AB69-4C55-BCCD-60EF828C2F02}.Debug|Any CPU.Build.0 = Debug|Any CPU
		{27B09641-AB69-4C55-BCCD-60EF828C2F02}.Release|Any CPU.ActiveCfg = Release|Any CPU
		{27B09641-AB69-4C55-BCCD-60EF828C2F02}.Release|Any CPU.Build.0 = Release|Any CPU
		{440A440C-1B47-47F1-8941-1D75302A5B7B}.Debug|Any CPU.ActiveCfg = Debug|Any CPU
		{440A440C-1B47-47F1-8941-1D75302A5B7B}.Debug|Any CPU.Build.0 = Debug|Any CPU
		{440A440C-1B47-47F1-8941-1D75302A5B7B}.Release|Any CPU.ActiveCfg = Release|Any CPU
		{440A440C-1B47-47F1-8941-1D75302A5B7B}.Release|Any CPU.Build.0 = Release|Any CPU
		{488FB138-0EB9-4332-91BB-FF6EC00E0E9F}.Debug|Any CPU.ActiveCfg = Debug|Any CPU
		{488FB138-0EB9-4332-91BB-FF6EC00E0E9F}.Debug|Any CPU.Build.0 = Debug|Any CPU
		{488FB138-0EB9-4332-91BB-FF6EC00E0E9F}.Release|Any CPU.ActiveCfg = Release|Any CPU
		{488FB138-0EB9-4332-91BB-FF6EC00E0E9F}.Release|Any CPU.Build.0 = Release|Any CPU
	EndGlobalSection
	GlobalSection(SolutionProperties) = preSolution
		HideSolutionNode = FALSE
	EndGlobalSection
	GlobalSection(NestedProjects) = preSolution
		{65A9CE85-EE15-47A9-89DA-A89DD35DE39F} = {45526B9A-5194-402D-A5A8-956770F3FD54}
		{8B743707-B80C-4FE7-89B7-1AA1FBC20AC5} = {BD9B031F-E4F2-49B7-AAED-389CBC557EF6}
		{297118F9-6677-41E4-B025-77C19B3AC661} = {45526B9A-5194-402D-A5A8-956770F3FD54}
		{67C09F38-7BD0-4D94-8634-5897AC39C225} = {BD9B031F-E4F2-49B7-AAED-389CBC557EF6}
		{2EC4FDD9-75F7-47BA-A248-C9EDFC32F1AF} = {BD9B031F-E4F2-49B7-AAED-389CBC557EF6}
		{6028D6AF-4FA2-4BC8-984D-2C1B1E34B1D8} = {BD9B031F-E4F2-49B7-AAED-389CBC557EF6}
		{E286CD02-1B09-4719-82D9-D638ED7B4304} = {BD9B031F-E4F2-49B7-AAED-389CBC557EF6}
		{6919C7EF-D838-4FA0-A7D6-E73FD1C99F07} = {BD9B031F-E4F2-49B7-AAED-389CBC557EF6}
		{E1CD9535-D687-4E0F-AD2B-9815323632F3} = {BD9B031F-E4F2-49B7-AAED-389CBC557EF6}
		{701B271D-2BF2-4639-B71E-62828C3C182F} = {45526B9A-5194-402D-A5A8-956770F3FD54}
		{E91E7CFD-6E02-4488-988E-C8BE22C7E3DF} = {45526B9A-5194-402D-A5A8-956770F3FD54}
		{552F028E-172B-408A-933C-02017B2B7418} = {45526B9A-5194-402D-A5A8-956770F3FD54}
		{813E9A62-D413-47F9-A57D-309362F69BF2} = {45526B9A-5194-402D-A5A8-956770F3FD54}
		{D35AA755-5C78-40DA-A5A4-B20754610ECE} = {45526B9A-5194-402D-A5A8-956770F3FD54}
		{3CE2A336-B608-45FE-B20C-64AF4869330C} = {BE063CB5-B983-4C27-A71D-59FEC69F6074}
		{477F7390-0B52-4447-99BC-58195DD8CB39} = {BE063CB5-B983-4C27-A71D-59FEC69F6074}
		{494F06C4-9B4C-4A72-AD88-605BFA9AF3C4} = {BE063CB5-B983-4C27-A71D-59FEC69F6074}
		{2B01F15E-80D6-4A50-B90D-7B41392245AE} = {BE063CB5-B983-4C27-A71D-59FEC69F6074}
		{A4ACD207-31DE-4703-914F-AA9B690AD9FD} = {BE063CB5-B983-4C27-A71D-59FEC69F6074}
		{CCBE90D6-4563-465E-84EA-0530E7F65ED1} = {BE063CB5-B983-4C27-A71D-59FEC69F6074}
		{6D0A8D14-820B-4809-927F-D86D08D68585} = {BE063CB5-B983-4C27-A71D-59FEC69F6074}
		{20933FB9-3F67-47F0-A7C3-619A17583182} = {45526B9A-5194-402D-A5A8-956770F3FD54}
		{2414424D-3059-4DC3-9E70-44A820F7304C} = {45526B9A-5194-402D-A5A8-956770F3FD54}
		{27B09641-AB69-4C55-BCCD-60EF828C2F02} = {45526B9A-5194-402D-A5A8-956770F3FD54}
		{440A440C-1B47-47F1-8941-1D75302A5B7B} = {E9088DC6-6B8A-4630-AF2B-1EC3F69F9B07}
		{488FB138-0EB9-4332-91BB-FF6EC00E0E9F} = {DA398CDB-A411-4E6B-B9B8-444D2A3A6718}
	EndGlobalSection
EndGlobal
