
Microsoft Visual Studio Solution File, Format Version 12.00
# Visual Studio 2013
VisualStudioVersion = 12.0.30110.0
MinimumVisualStudioVersion = 10.0.40219.1
Project("{FAE04EC0-301F-11D3-BF4B-00C04F79EFBC}") = "Basic 01", "Linq Basic Ex 01\Basic 01.csproj", "{7A909062-19F3-4E1D-9C83-D0D4990ABBEE}"
EndProject
Project("{FAE04EC0-301F-11D3-BF4B-00C04F79EFBC}") = "Basic 02", "Basic 02\Basic 02.csproj", "{95E0D08C-790D-44EC-BC19-7BAF9020255B}"
EndProject
Project("{FAE04EC0-301F-11D3-BF4B-00C04F79EFBC}") = "Basic 03", "Basic 03\Basic 03.csproj", "{55FA697E-6601-417C-A065-44150AD64B45}"
EndProject
Project("{FAE04EC0-301F-11D3-BF4B-00C04F79EFBC}") = "Basic 04 WordCount", "Basic 04 WordCount\Basic 04 WordCount.csproj", "{A7607EB3-3F75-4B46-B41E-BE6EA5C28E5C}"
EndProject
Project("{FAE04EC0-301F-11D3-BF4B-00C04F79EFBC}") = "Basic 05 Text Query", "Basic 05 Text Query\Basic 05 Text Query.csproj", "{308A2ADD-5CCB-4D26-9FFD-1615FD116B94}"
EndProject
Project("{FAE04EC0-301F-11D3-BF4B-00C04F79EFBC}") = "Linq Regular Expression", "Linq Regular Expression\Linq Regular Expression.csproj", "{6096004D-0A10-4474-A660-AFE2876CCB53}"
EndProject
Project("{FAE04EC0-301F-11D3-BF4B-00C04F79EFBC}") = "CompareLists", "CompareLists\CompareLists.csproj", "{9DF92A76-9DB1-430A-8A0F-AF4993789CF5}"
EndProject
Project("{FAE04EC0-301F-11D3-BF4B-00C04F79EFBC}") = "MergeStrings", "MergeStrings\MergeStrings.csproj", "{E60A96A3-F272-4017-B26C-4326C7419A5C}"
EndProject
Project("{FAE04EC0-301F-11D3-BF4B-00C04F79EFBC}") = "SortLines", "SortLines\SortLines.csproj", "{00956653-25B3-49DE-8C0D-8621058E47CE}"
EndProject
Project("{FAE04EC0-301F-11D3-BF4B-00C04F79EFBC}") = "CSVFiles Sort", "CSVFiles Sort\CSVFiles Sort.csproj", "{23730AA2-8DA8-43CB-B24B-88E7DF8ED437}"
EndProject
Project("{FAE04EC0-301F-11D3-BF4B-00C04F79EFBC}") = "PopulateCollection", "PopulateCollection\PopulateCollection.csproj", "{5864D802-EEB8-40F8-A5B7-F3B6900C00E8}"
EndProject
Project("{FAE04EC0-301F-11D3-BF4B-00C04F79EFBC}") = "JointStrings", "JointStrings\JointStrings.csproj", "{E639E111-07E3-48E6-874F-AC03F4459182}"
EndProject
Project("{FAE04EC0-301F-11D3-BF4B-00C04F79EFBC}") = "Linq Let Example", "Linq Let Example\Linq Let Example.csproj", "{384A73FA-BF4D-400A-95B0-1BA998DDA54D}"
EndProject
Project("{FAE04EC0-301F-11D3-BF4B-00C04F79EFBC}") = "SplitWithGroups", "SplitWithGroups\SplitWithGroups.csproj", "{2AD8FB74-B1EB-45DB-93A7-87EC31F4469D}"
EndProject
Project("{FAE04EC0-301F-11D3-BF4B-00C04F79EFBC}") = "Linq Group Example", "Linq Group Example\Linq Group Example.csproj", "{484C6464-BF2B-436B-9924-FAD6DCE7C126}"
EndProject
Project("{FAE04EC0-301F-11D3-BF4B-00C04F79EFBC}") = "Linq Group Example 02", "Linq Group Example 02\Linq Group Example 02.csproj", "{2AE76ABB-286B-49DD-83AF-FD58EFED77E5}"
EndProject
Project("{FAE04EC0-301F-11D3-BF4B-00C04F79EFBC}") = "Linq Group Example 03", "Linq Group Example 03\Linq Group Example 03.csproj", "{EFDBAABB-8EA4-4518-9CEA-DEE5368BD4F4}"
EndProject
Project("{2150E333-8FDC-42A3-9474-1A3956D46DE8}") = "그룹 절 예제", "그룹 절 예제", "{9E318D68-D957-47BA-B4D4-7962E915F65B}"
EndProject
Project("{2150E333-8FDC-42A3-9474-1A3956D46DE8}") = "디렉터리 중복 파일 쿼리", "디렉터리 중복 파일 쿼리", "{C09C7F78-3D41-4FBB-95CB-9152EC9F4561}"
EndProject
Project("{FAE04EC0-301F-11D3-BF4B-00C04F79EFBC}") = "QueryDuplicateFileNames", "QueryDuplicateFileNames\QueryDuplicateFileNames.csproj", "{C5EAA914-877F-40AC-B789-7D7904141776}"
EndProject
Project("{FAE04EC0-301F-11D3-BF4B-00C04F79EFBC}") = "Contact", "Contact\Contact.csproj", "{0FEE2E58-C06D-4068-940A-9031DDB8BF20}"
EndProject
Project("{FAE04EC0-301F-11D3-BF4B-00C04F79EFBC}") = "Linq Into Example", "Linq Into Example\Linq Into Example.csproj", "{DB34B458-4D48-4320-8111-3897076DA633}"
EndProject
Global
	GlobalSection(SolutionConfigurationPlatforms) = preSolution
		Debug|Any CPU = Debug|Any CPU
		Release|Any CPU = Release|Any CPU
	EndGlobalSection
	GlobalSection(ProjectConfigurationPlatforms) = postSolution
		{7A909062-19F3-4E1D-9C83-D0D4990ABBEE}.Debug|Any CPU.ActiveCfg = Debug|Any CPU
		{7A909062-19F3-4E1D-9C83-D0D4990ABBEE}.Debug|Any CPU.Build.0 = Debug|Any CPU
		{7A909062-19F3-4E1D-9C83-D0D4990ABBEE}.Release|Any CPU.ActiveCfg = Release|Any CPU
		{7A909062-19F3-4E1D-9C83-D0D4990ABBEE}.Release|Any CPU.Build.0 = Release|Any CPU
		{95E0D08C-790D-44EC-BC19-7BAF9020255B}.Debug|Any CPU.ActiveCfg = Debug|Any CPU
		{95E0D08C-790D-44EC-BC19-7BAF9020255B}.Debug|Any CPU.Build.0 = Debug|Any CPU
		{95E0D08C-790D-44EC-BC19-7BAF9020255B}.Release|Any CPU.ActiveCfg = Release|Any CPU
		{95E0D08C-790D-44EC-BC19-7BAF9020255B}.Release|Any CPU.Build.0 = Release|Any CPU
		{55FA697E-6601-417C-A065-44150AD64B45}.Debug|Any CPU.ActiveCfg = Debug|Any CPU
		{55FA697E-6601-417C-A065-44150AD64B45}.Debug|Any CPU.Build.0 = Debug|Any CPU
		{55FA697E-6601-417C-A065-44150AD64B45}.Release|Any CPU.ActiveCfg = Release|Any CPU
		{55FA697E-6601-417C-A065-44150AD64B45}.Release|Any CPU.Build.0 = Release|Any CPU
		{A7607EB3-3F75-4B46-B41E-BE6EA5C28E5C}.Debug|Any CPU.ActiveCfg = Debug|Any CPU
		{A7607EB3-3F75-4B46-B41E-BE6EA5C28E5C}.Debug|Any CPU.Build.0 = Debug|Any CPU
		{A7607EB3-3F75-4B46-B41E-BE6EA5C28E5C}.Release|Any CPU.ActiveCfg = Release|Any CPU
		{A7607EB3-3F75-4B46-B41E-BE6EA5C28E5C}.Release|Any CPU.Build.0 = Release|Any CPU
		{308A2ADD-5CCB-4D26-9FFD-1615FD116B94}.Debug|Any CPU.ActiveCfg = Debug|Any CPU
		{308A2ADD-5CCB-4D26-9FFD-1615FD116B94}.Debug|Any CPU.Build.0 = Debug|Any CPU
		{308A2ADD-5CCB-4D26-9FFD-1615FD116B94}.Release|Any CPU.ActiveCfg = Release|Any CPU
		{308A2ADD-5CCB-4D26-9FFD-1615FD116B94}.Release|Any CPU.Build.0 = Release|Any CPU
		{6096004D-0A10-4474-A660-AFE2876CCB53}.Debug|Any CPU.ActiveCfg = Debug|Any CPU
		{6096004D-0A10-4474-A660-AFE2876CCB53}.Debug|Any CPU.Build.0 = Debug|Any CPU
		{6096004D-0A10-4474-A660-AFE2876CCB53}.Release|Any CPU.ActiveCfg = Release|Any CPU
		{6096004D-0A10-4474-A660-AFE2876CCB53}.Release|Any CPU.Build.0 = Release|Any CPU
		{9DF92A76-9DB1-430A-8A0F-AF4993789CF5}.Debug|Any CPU.ActiveCfg = Debug|Any CPU
		{9DF92A76-9DB1-430A-8A0F-AF4993789CF5}.Debug|Any CPU.Build.0 = Debug|Any CPU
		{9DF92A76-9DB1-430A-8A0F-AF4993789CF5}.Release|Any CPU.ActiveCfg = Release|Any CPU
		{9DF92A76-9DB1-430A-8A0F-AF4993789CF5}.Release|Any CPU.Build.0 = Release|Any CPU
		{E60A96A3-F272-4017-B26C-4326C7419A5C}.Debug|Any CPU.ActiveCfg = Debug|Any CPU
		{E60A96A3-F272-4017-B26C-4326C7419A5C}.Debug|Any CPU.Build.0 = Debug|Any CPU
		{E60A96A3-F272-4017-B26C-4326C7419A5C}.Release|Any CPU.ActiveCfg = Release|Any CPU
		{E60A96A3-F272-4017-B26C-4326C7419A5C}.Release|Any CPU.Build.0 = Release|Any CPU
		{00956653-25B3-49DE-8C0D-8621058E47CE}.Debug|Any CPU.ActiveCfg = Debug|Any CPU
		{00956653-25B3-49DE-8C0D-8621058E47CE}.Debug|Any CPU.Build.0 = Debug|Any CPU
		{00956653-25B3-49DE-8C0D-8621058E47CE}.Release|Any CPU.ActiveCfg = Release|Any CPU
		{00956653-25B3-49DE-8C0D-8621058E47CE}.Release|Any CPU.Build.0 = Release|Any CPU
		{23730AA2-8DA8-43CB-B24B-88E7DF8ED437}.Debug|Any CPU.ActiveCfg = Debug|Any CPU
		{23730AA2-8DA8-43CB-B24B-88E7DF8ED437}.Debug|Any CPU.Build.0 = Debug|Any CPU
		{23730AA2-8DA8-43CB-B24B-88E7DF8ED437}.Release|Any CPU.ActiveCfg = Release|Any CPU
		{23730AA2-8DA8-43CB-B24B-88E7DF8ED437}.Release|Any CPU.Build.0 = Release|Any CPU
		{5864D802-EEB8-40F8-A5B7-F3B6900C00E8}.Debug|Any CPU.ActiveCfg = Debug|Any CPU
		{5864D802-EEB8-40F8-A5B7-F3B6900C00E8}.Debug|Any CPU.Build.0 = Debug|Any CPU
		{5864D802-EEB8-40F8-A5B7-F3B6900C00E8}.Release|Any CPU.ActiveCfg = Release|Any CPU
		{5864D802-EEB8-40F8-A5B7-F3B6900C00E8}.Release|Any CPU.Build.0 = Release|Any CPU
		{E639E111-07E3-48E6-874F-AC03F4459182}.Debug|Any CPU.ActiveCfg = Debug|Any CPU
		{E639E111-07E3-48E6-874F-AC03F4459182}.Debug|Any CPU.Build.0 = Debug|Any CPU
		{E639E111-07E3-48E6-874F-AC03F4459182}.Release|Any CPU.ActiveCfg = Release|Any CPU
		{E639E111-07E3-48E6-874F-AC03F4459182}.Release|Any CPU.Build.0 = Release|Any CPU
		{384A73FA-BF4D-400A-95B0-1BA998DDA54D}.Debug|Any CPU.ActiveCfg = Debug|Any CPU
		{384A73FA-BF4D-400A-95B0-1BA998DDA54D}.Debug|Any CPU.Build.0 = Debug|Any CPU
		{384A73FA-BF4D-400A-95B0-1BA998DDA54D}.Release|Any CPU.ActiveCfg = Release|Any CPU
		{384A73FA-BF4D-400A-95B0-1BA998DDA54D}.Release|Any CPU.Build.0 = Release|Any CPU
		{2AD8FB74-B1EB-45DB-93A7-87EC31F4469D}.Debug|Any CPU.ActiveCfg = Debug|Any CPU
		{2AD8FB74-B1EB-45DB-93A7-87EC31F4469D}.Debug|Any CPU.Build.0 = Debug|Any CPU
		{2AD8FB74-B1EB-45DB-93A7-87EC31F4469D}.Release|Any CPU.ActiveCfg = Release|Any CPU
		{2AD8FB74-B1EB-45DB-93A7-87EC31F4469D}.Release|Any CPU.Build.0 = Release|Any CPU
		{484C6464-BF2B-436B-9924-FAD6DCE7C126}.Debug|Any CPU.ActiveCfg = Debug|Any CPU
		{484C6464-BF2B-436B-9924-FAD6DCE7C126}.Debug|Any CPU.Build.0 = Debug|Any CPU
		{484C6464-BF2B-436B-9924-FAD6DCE7C126}.Release|Any CPU.ActiveCfg = Release|Any CPU
		{484C6464-BF2B-436B-9924-FAD6DCE7C126}.Release|Any CPU.Build.0 = Release|Any CPU
		{2AE76ABB-286B-49DD-83AF-FD58EFED77E5}.Debug|Any CPU.ActiveCfg = Debug|Any CPU
		{2AE76ABB-286B-49DD-83AF-FD58EFED77E5}.Debug|Any CPU.Build.0 = Debug|Any CPU
		{2AE76ABB-286B-49DD-83AF-FD58EFED77E5}.Release|Any CPU.ActiveCfg = Release|Any CPU
		{2AE76ABB-286B-49DD-83AF-FD58EFED77E5}.Release|Any CPU.Build.0 = Release|Any CPU
		{EFDBAABB-8EA4-4518-9CEA-DEE5368BD4F4}.Debug|Any CPU.ActiveCfg = Debug|Any CPU
		{EFDBAABB-8EA4-4518-9CEA-DEE5368BD4F4}.Debug|Any CPU.Build.0 = Debug|Any CPU
		{EFDBAABB-8EA4-4518-9CEA-DEE5368BD4F4}.Release|Any CPU.ActiveCfg = Release|Any CPU
		{EFDBAABB-8EA4-4518-9CEA-DEE5368BD4F4}.Release|Any CPU.Build.0 = Release|Any CPU
		{C5EAA914-877F-40AC-B789-7D7904141776}.Debug|Any CPU.ActiveCfg = Debug|Any CPU
		{C5EAA914-877F-40AC-B789-7D7904141776}.Debug|Any CPU.Build.0 = Debug|Any CPU
		{C5EAA914-877F-40AC-B789-7D7904141776}.Release|Any CPU.ActiveCfg = Release|Any CPU
		{C5EAA914-877F-40AC-B789-7D7904141776}.Release|Any CPU.Build.0 = Release|Any CPU
		{0FEE2E58-C06D-4068-940A-9031DDB8BF20}.Debug|Any CPU.ActiveCfg = Debug|Any CPU
		{0FEE2E58-C06D-4068-940A-9031DDB8BF20}.Debug|Any CPU.Build.0 = Debug|Any CPU
		{0FEE2E58-C06D-4068-940A-9031DDB8BF20}.Release|Any CPU.ActiveCfg = Release|Any CPU
		{0FEE2E58-C06D-4068-940A-9031DDB8BF20}.Release|Any CPU.Build.0 = Release|Any CPU
		{DB34B458-4D48-4320-8111-3897076DA633}.Debug|Any CPU.ActiveCfg = Debug|Any CPU
		{DB34B458-4D48-4320-8111-3897076DA633}.Debug|Any CPU.Build.0 = Debug|Any CPU
		{DB34B458-4D48-4320-8111-3897076DA633}.Release|Any CPU.ActiveCfg = Release|Any CPU
		{DB34B458-4D48-4320-8111-3897076DA633}.Release|Any CPU.Build.0 = Release|Any CPU
	EndGlobalSection
	GlobalSection(SolutionProperties) = preSolution
		HideSolutionNode = FALSE
	EndGlobalSection
	GlobalSection(NestedProjects) = preSolution
		{EFDBAABB-8EA4-4518-9CEA-DEE5368BD4F4} = {9E318D68-D957-47BA-B4D4-7962E915F65B}
		{484C6464-BF2B-436B-9924-FAD6DCE7C126} = {9E318D68-D957-47BA-B4D4-7962E915F65B}
		{2AE76ABB-286B-49DD-83AF-FD58EFED77E5} = {9E318D68-D957-47BA-B4D4-7962E915F65B}
		{384A73FA-BF4D-400A-95B0-1BA998DDA54D} = {9E318D68-D957-47BA-B4D4-7962E915F65B}
		{DB34B458-4D48-4320-8111-3897076DA633} = {9E318D68-D957-47BA-B4D4-7962E915F65B}
		{C5EAA914-877F-40AC-B789-7D7904141776} = {C09C7F78-3D41-4FBB-95CB-9152EC9F4561}
		{0FEE2E58-C06D-4068-940A-9031DDB8BF20} = {C09C7F78-3D41-4FBB-95CB-9152EC9F4561}
	EndGlobalSection
EndGlobal
